// !$*UTF8*$!
{
	archiveVersion = 1;
	classes = {
	};
	objectVersion = 63;
	objects = {

/* Begin PBXBuildFile section */
		670DB0E22C42F65400E9792B /* RootFeature in Frameworks */ = {isa = PBXBuildFile; productRef = 670DB0E12C42F65400E9792B /* RootFeature */; };
		672F1A5E2C7AD83100FB221E /* Localizable.xcstrings in Resources */ = {isa = PBXBuildFile; fileRef = 672F1A5C2C7AD83100FB221E /* Localizable.xcstrings */; };
		677892CE2C62C2D80030D35C /* GoogleMobileAds in Frameworks */ = {isa = PBXBuildFile; productRef = 677892CD2C62C2D80030D35C /* GoogleMobileAds */; };
		677892D12C65606D0030D35C /* StoreKit.framework in Frameworks */ = {isa = PBXBuildFile; fileRef = 677892D02C65606D0030D35C /* StoreKit.framework */; };
		67E4F4B32C4299C30012530F /* BlockNotesApp.swift in Sources */ = {isa = PBXBuildFile; fileRef = 67E4F4B22C4299C30012530F /* BlockNotesApp.swift */; };
		67E4F4B92C4299C30012530F /* Assets.xcassets in Resources */ = {isa = PBXBuildFile; fileRef = 67E4F4B82C4299C30012530F /* Assets.xcassets */; };
		67E4F4BC2C4299C30012530F /* Preview Assets.xcassets in Resources */ = {isa = PBXBuildFile; fileRef = 67E4F4BB2C4299C30012530F /* Preview Assets.xcassets */; };
/* End PBXBuildFile section */

/* Begin PBXFileReference section */
		672F1A5C2C7AD83100FB221E /* Localizable.xcstrings */ = {isa = PBXFileReference; lastKnownFileType = text.json.xcstrings; path = Localizable.xcstrings; sourceTree = "<group>"; };
		673294F02C42B5D0007874EF /* BlockNotes */ = {isa = PBXFileReference; lastKnownFileType = wrapper; name = BlockNotes; path = ..; sourceTree = "<group>"; };
		677892CF2C655FD80030D35C /* BlockNotePremiumConfiguration.storekit */ = {isa = PBXFileReference; lastKnownFileType = text; path = BlockNotePremiumConfiguration.storekit; sourceTree = "<group>"; };
		677892D02C65606D0030D35C /* StoreKit.framework */ = {isa = PBXFileReference; lastKnownFileType = wrapper.framework; name = StoreKit.framework; path = System/Library/Frameworks/StoreKit.framework; sourceTree = SDKROOT; };
		67B786DF2C5D66F20026D7ED /* Info.plist */ = {isa = PBXFileReference; lastKnownFileType = text.plist.xml; path = Info.plist; sourceTree = "<group>"; };
		67E4F4AF2C4299C30012530F /* BlockNotes.app */ = {isa = PBXFileReference; explicitFileType = wrapper.application; includeInIndex = 0; path = BlockNotes.app; sourceTree = BUILT_PRODUCTS_DIR; };
		67E4F4B22C4299C30012530F /* BlockNotesApp.swift */ = {isa = PBXFileReference; lastKnownFileType = sourcecode.swift; path = BlockNotesApp.swift; sourceTree = "<group>"; };
		67E4F4B82C4299C30012530F /* Assets.xcassets */ = {isa = PBXFileReference; lastKnownFileType = folder.assetcatalog; path = Assets.xcassets; sourceTree = "<group>"; };
		67E4F4BB2C4299C30012530F /* Preview Assets.xcassets */ = {isa = PBXFileReference; lastKnownFileType = folder.assetcatalog; path = "Preview Assets.xcassets"; sourceTree = "<group>"; };
/* End PBXFileReference section */

/* Begin PBXFrameworksBuildPhase section */
		67E4F4AC2C4299C30012530F /* Frameworks */ = {
			isa = PBXFrameworksBuildPhase;
			buildActionMask = 2147483647;
			files = (
				677892D12C65606D0030D35C /* StoreKit.framework in Frameworks */,
				677892CE2C62C2D80030D35C /* GoogleMobileAds in Frameworks */,
				670DB0E22C42F65400E9792B /* RootFeature in Frameworks */,
			);
			runOnlyForDeploymentPostprocessing = 0;
		};
/* End PBXFrameworksBuildPhase section */

/* Begin PBXGroup section */
		670DB0DC2C42D1CD00E9792B /* Frameworks */ = {
			isa = PBXGroup;
			children = (
				677892D02C65606D0030D35C /* StoreKit.framework */,
			);
			name = Frameworks;
			sourceTree = "<group>";
		};
		672F1A5D2C7AD83100FB221E /* Localization */ = {
			isa = PBXGroup;
			children = (
				672F1A5C2C7AD83100FB221E /* Localizable.xcstrings */,
			);
			path = Localization;
			sourceTree = "<group>";
		};
		67E4F4A62C4299C30012530F = {
			isa = PBXGroup;
			children = (
				677892CF2C655FD80030D35C /* BlockNotePremiumConfiguration.storekit */,
				67E4F4B12C4299C30012530F /* BlockNotes */,
				673294F02C42B5D0007874EF /* BlockNotes */,
				67E4F4B02C4299C30012530F /* Products */,
				670DB0DC2C42D1CD00E9792B /* Frameworks */,
			);
			sourceTree = "<group>";
		};
		67E4F4B02C4299C30012530F /* Products */ = {
			isa = PBXGroup;
			children = (
				67E4F4AF2C4299C30012530F /* BlockNotes.app */,
			);
			name = Products;
			sourceTree = "<group>";
		};
		67E4F4B12C4299C30012530F /* BlockNotes */ = {
			isa = PBXGroup;
			children = (
				672F1A5D2C7AD83100FB221E /* Localization */,
				67E4F4B22C4299C30012530F /* BlockNotesApp.swift */,
				67E4F4B82C4299C30012530F /* Assets.xcassets */,
				67E4F4BA2C4299C30012530F /* Preview Content */,
				67B786DF2C5D66F20026D7ED /* Info.plist */,
			);
			path = BlockNotes;
			sourceTree = "<group>";
		};
		67E4F4BA2C4299C30012530F /* Preview Content */ = {
			isa = PBXGroup;
			children = (
				67E4F4BB2C4299C30012530F /* Preview Assets.xcassets */,
			);
			path = "Preview Content";
			sourceTree = "<group>";
		};
/* End PBXGroup section */

/* Begin PBXNativeTarget section */
		67E4F4AE2C4299C30012530F /* BlockNotes */ = {
			isa = PBXNativeTarget;
			buildConfigurationList = 67E4F4D52C4299C40012530F /* Build configuration list for PBXNativeTarget "BlockNotes" */;
			buildPhases = (
				67E4F4AB2C4299C30012530F /* Sources */,
				67E4F4AC2C4299C30012530F /* Frameworks */,
				67E4F4AD2C4299C30012530F /* Resources */,
			);
			buildRules = (
			);
			dependencies = (
			);
			name = BlockNotes;
			packageProductDependencies = (
				670DB0E12C42F65400E9792B /* RootFeature */,
				677892CD2C62C2D80030D35C /* GoogleMobileAds */,
			);
			productName = BlockNotes;
			productReference = 67E4F4AF2C4299C30012530F /* BlockNotes.app */;
			productType = "com.apple.product-type.application";
		};
/* End PBXNativeTarget section */

/* Begin PBXProject section */
		67E4F4A72C4299C30012530F /* Project object */ = {
			isa = PBXProject;
			attributes = {
				BuildIndependentTargetsInParallel = 1;
				LastSwiftUpdateCheck = 1500;
				LastUpgradeCheck = 1610;
				TargetAttributes = {
					67E4F4AE2C4299C30012530F = {
						CreatedOnToolsVersion = 15.0.1;
					};
				};
			};
			buildConfigurationList = 67E4F4AA2C4299C30012530F /* Build configuration list for PBXProject "BlockNotes" */;
			compatibilityVersion = "Xcode 15.3";
			developmentRegion = en;
			hasScannedForEncodings = 0;
			knownRegions = (
				en,
				Base,
				ja,
				es,
				fr,
				de,
				"zh-Hans",
				ko,
				"pt-PT",
				it,
				nl,
			);
			mainGroup = 67E4F4A62C4299C30012530F;
			packageReferences = (
				677892CC2C62C2D80030D35C /* XCRemoteSwiftPackageReference "swift-package-manager-google-mobile-ads" */,
			);
			productRefGroup = 67E4F4B02C4299C30012530F /* Products */;
			projectDirPath = "";
			projectRoot = "";
			targets = (
				67E4F4AE2C4299C30012530F /* BlockNotes */,
			);
		};
/* End PBXProject section */

/* Begin PBXResourcesBuildPhase section */
		67E4F4AD2C4299C30012530F /* Resources */ = {
			isa = PBXResourcesBuildPhase;
			buildActionMask = 2147483647;
			files = (
				67E4F4BC2C4299C30012530F /* Preview Assets.xcassets in Resources */,
				67E4F4B92C4299C30012530F /* Assets.xcassets in Resources */,
				672F1A5E2C7AD83100FB221E /* Localizable.xcstrings in Resources */,
			);
			runOnlyForDeploymentPostprocessing = 0;
		};
/* End PBXResourcesBuildPhase section */

/* Begin PBXSourcesBuildPhase section */
		67E4F4AB2C4299C30012530F /* Sources */ = {
			isa = PBXSourcesBuildPhase;
			buildActionMask = 2147483647;
			files = (
				67E4F4B32C4299C30012530F /* BlockNotesApp.swift in Sources */,
			);
			runOnlyForDeploymentPostprocessing = 0;
		};
/* End PBXSourcesBuildPhase section */

/* Begin XCBuildConfiguration section */
		67E4F4D32C4299C40012530F /* Debug */ = {
			isa = XCBuildConfiguration;
			buildSettings = {
				ALWAYS_SEARCH_USER_PATHS = NO;
				ASSETCATALOG_COMPILER_GENERATE_SWIFT_ASSET_SYMBOL_EXTENSIONS = YES;
				CLANG_ANALYZER_LOCALIZABILITY_NONLOCALIZED = YES;
				CLANG_ANALYZER_NONNULL = YES;
				CLANG_ANALYZER_NUMBER_OBJECT_CONVERSION = YES_AGGRESSIVE;
				CLANG_CXX_LANGUAGE_STANDARD = "gnu++20";
				CLANG_ENABLE_MODULES = YES;
				CLANG_ENABLE_OBJC_ARC = YES;
				CLANG_ENABLE_OBJC_WEAK = YES;
				CLANG_WARN_BLOCK_CAPTURE_AUTORELEASING = YES;
				CLANG_WARN_BOOL_CONVERSION = YES;
				CLANG_WARN_COMMA = YES;
				CLANG_WARN_CONSTANT_CONVERSION = YES;
				CLANG_WARN_DEPRECATED_OBJC_IMPLEMENTATIONS = YES;
				CLANG_WARN_DIRECT_OBJC_ISA_USAGE = YES_ERROR;
				CLANG_WARN_DOCUMENTATION_COMMENTS = YES;
				CLANG_WARN_EMPTY_BODY = YES;
				CLANG_WARN_ENUM_CONVERSION = YES;
				CLANG_WARN_INFINITE_RECURSION = YES;
				CLANG_WARN_INT_CONVERSION = YES;
				CLANG_WARN_NON_LITERAL_NULL_CONVERSION = YES;
				CLANG_WARN_OBJC_IMPLICIT_RETAIN_SELF = YES;
				CLANG_WARN_OBJC_LITERAL_CONVERSION = YES;
				CLANG_WARN_OBJC_ROOT_CLASS = YES_ERROR;
				CLANG_WARN_QUOTED_INCLUDE_IN_FRAMEWORK_HEADER = YES;
				CLANG_WARN_RANGE_LOOP_ANALYSIS = YES;
				CLANG_WARN_STRICT_PROTOTYPES = YES;
				CLANG_WARN_SUSPICIOUS_MOVE = YES;
				CLANG_WARN_UNGUARDED_AVAILABILITY = YES_AGGRESSIVE;
				CLANG_WARN_UNREACHABLE_CODE = YES;
				CLANG_WARN__DUPLICATE_METHOD_MATCH = YES;
				COPY_PHASE_STRIP = NO;
				DEBUG_INFORMATION_FORMAT = dwarf;
				ENABLE_STRICT_OBJC_MSGSEND = YES;
				ENABLE_TESTABILITY = YES;
				ENABLE_USER_SCRIPT_SANDBOXING = YES;
				GCC_C_LANGUAGE_STANDARD = gnu17;
				GCC_DYNAMIC_NO_PIC = NO;
				GCC_NO_COMMON_BLOCKS = YES;
				GCC_OPTIMIZATION_LEVEL = 0;
				GCC_PREPROCESSOR_DEFINITIONS = (
					"DEBUG=1",
					"$(inherited)",
				);
				GCC_WARN_64_TO_32_BIT_CONVERSION = YES;
				GCC_WARN_ABOUT_RETURN_TYPE = YES_ERROR;
				GCC_WARN_UNDECLARED_SELECTOR = YES;
				GCC_WARN_UNINITIALIZED_AUTOS = YES_AGGRESSIVE;
				GCC_WARN_UNUSED_FUNCTION = YES;
				GCC_WARN_UNUSED_VARIABLE = YES;
				IPHONEOS_DEPLOYMENT_TARGET = 17.0;
				LOCALIZATION_PREFERS_STRING_CATALOGS = YES;
				MTL_ENABLE_DEBUG_INFO = INCLUDE_SOURCE;
				MTL_FAST_MATH = YES;
				ONLY_ACTIVE_ARCH = YES;
				SDKROOT = iphoneos;
				SWIFT_ACTIVE_COMPILATION_CONDITIONS = "DEBUG $(inherited)";
				SWIFT_EMIT_LOC_STRINGS = YES;
				SWIFT_OPTIMIZATION_LEVEL = "-Onone";
			};
			name = Debug;
		};
		67E4F4D42C4299C40012530F /* Release */ = {
			isa = XCBuildConfiguration;
			buildSettings = {
				ALWAYS_SEARCH_USER_PATHS = NO;
				ASSETCATALOG_COMPILER_GENERATE_SWIFT_ASSET_SYMBOL_EXTENSIONS = YES;
				CLANG_ANALYZER_LOCALIZABILITY_NONLOCALIZED = YES;
				CLANG_ANALYZER_NONNULL = YES;
				CLANG_ANALYZER_NUMBER_OBJECT_CONVERSION = YES_AGGRESSIVE;
				CLANG_CXX_LANGUAGE_STANDARD = "gnu++20";
				CLANG_ENABLE_MODULES = YES;
				CLANG_ENABLE_OBJC_ARC = YES;
				CLANG_ENABLE_OBJC_WEAK = YES;
				CLANG_WARN_BLOCK_CAPTURE_AUTORELEASING = YES;
				CLANG_WARN_BOOL_CONVERSION = YES;
				CLANG_WARN_COMMA = YES;
				CLANG_WARN_CONSTANT_CONVERSION = YES;
				CLANG_WARN_DEPRECATED_OBJC_IMPLEMENTATIONS = YES;
				CLANG_WARN_DIRECT_OBJC_ISA_USAGE = YES_ERROR;
				CLANG_WARN_DOCUMENTATION_COMMENTS = YES;
				CLANG_WARN_EMPTY_BODY = YES;
				CLANG_WARN_ENUM_CONVERSION = YES;
				CLANG_WARN_INFINITE_RECURSION = YES;
				CLANG_WARN_INT_CONVERSION = YES;
				CLANG_WARN_NON_LITERAL_NULL_CONVERSION = YES;
				CLANG_WARN_OBJC_IMPLICIT_RETAIN_SELF = YES;
				CLANG_WARN_OBJC_LITERAL_CONVERSION = YES;
				CLANG_WARN_OBJC_ROOT_CLASS = YES_ERROR;
				CLANG_WARN_QUOTED_INCLUDE_IN_FRAMEWORK_HEADER = YES;
				CLANG_WARN_RANGE_LOOP_ANALYSIS = YES;
				CLANG_WARN_STRICT_PROTOTYPES = YES;
				CLANG_WARN_SUSPICIOUS_MOVE = YES;
				CLANG_WARN_UNGUARDED_AVAILABILITY = YES_AGGRESSIVE;
				CLANG_WARN_UNREACHABLE_CODE = YES;
				CLANG_WARN__DUPLICATE_METHOD_MATCH = YES;
				COPY_PHASE_STRIP = NO;
				DEBUG_INFORMATION_FORMAT = "dwarf-with-dsym";
				ENABLE_NS_ASSERTIONS = NO;
				ENABLE_STRICT_OBJC_MSGSEND = YES;
				ENABLE_USER_SCRIPT_SANDBOXING = YES;
				GCC_C_LANGUAGE_STANDARD = gnu17;
				GCC_NO_COMMON_BLOCKS = YES;
				GCC_WARN_64_TO_32_BIT_CONVERSION = YES;
				GCC_WARN_ABOUT_RETURN_TYPE = YES_ERROR;
				GCC_WARN_UNDECLARED_SELECTOR = YES;
				GCC_WARN_UNINITIALIZED_AUTOS = YES_AGGRESSIVE;
				GCC_WARN_UNUSED_FUNCTION = YES;
				GCC_WARN_UNUSED_VARIABLE = YES;
				IPHONEOS_DEPLOYMENT_TARGET = 17.0;
				LOCALIZATION_PREFERS_STRING_CATALOGS = YES;
				MTL_ENABLE_DEBUG_INFO = NO;
				MTL_FAST_MATH = YES;
				SDKROOT = iphoneos;
				SWIFT_COMPILATION_MODE = wholemodule;
				SWIFT_EMIT_LOC_STRINGS = YES;
				VALIDATE_PRODUCT = YES;
			};
			name = Release;
		};
		67E4F4D62C4299C40012530F /* Debug */ = {
			isa = XCBuildConfiguration;
			buildSettings = {
				ASSETCATALOG_COMPILER_APPICON_NAME = AppIcon;
				ASSETCATALOG_COMPILER_GLOBAL_ACCENT_COLOR_NAME = AccentColor;
				CODE_SIGN_STYLE = Automatic;
				CURRENT_PROJECT_VERSION = 1;
				DEVELOPMENT_ASSET_PATHS = "\"BlockNotes/Preview Content\"";
				DEVELOPMENT_TEAM = D2B3JPR4TJ;
				ENABLE_PREVIEWS = YES;
				GENERATE_INFOPLIST_FILE = YES;
				"INFOPLIST_FILE[sdk=*]" = BlockNotes/Info.plist;
				INFOPLIST_KEY_UIApplicationSceneManifest_Generation = YES;
				INFOPLIST_KEY_UIApplicationSupportsIndirectInputEvents = YES;
				INFOPLIST_KEY_UILaunchScreen_Generation = YES;
				INFOPLIST_KEY_UISupportedInterfaceOrientations_iPad = "UIInterfaceOrientationPortrait UIInterfaceOrientationPortraitUpsideDown UIInterfaceOrientationLandscapeLeft UIInterfaceOrientationLandscapeRight";
				INFOPLIST_KEY_UISupportedInterfaceOrientations_iPhone = "UIInterfaceOrientationPortrait UIInterfaceOrientationLandscapeLeft UIInterfaceOrientationLandscapeRight";
				LD_RUNPATH_SEARCH_PATHS = (
					"$(inherited)",
					"@executable_path/Frameworks",
				);
				MARKETING_VERSION = 1.0;
				OTHER_LDFLAGS = "-ObjC";
				PRODUCT_BUNDLE_IDENTIFIER = kei.BlockNotes;
				PRODUCT_NAME = "$(TARGET_NAME)";
				REGISTER_APP_GROUPS = NO;
				SUPPORTED_PLATFORMS = "iphoneos iphonesimulator macosx";
				SUPPORTS_MACCATALYST = NO;
				SUPPORTS_MAC_DESIGNED_FOR_IPHONE_IPAD = NO;
				SWIFT_EMIT_LOC_STRINGS = YES;
				SWIFT_VERSION = 5.0;
				TARGETED_DEVICE_FAMILY = 1;
			};
			name = Debug;
		};
		67E4F4D72C4299C40012530F /* Release */ = {
			isa = XCBuildConfiguration;
			buildSettings = {
				ASSETCATALOG_COMPILER_APPICON_NAME = AppIcon;
				ASSETCATALOG_COMPILER_GLOBAL_ACCENT_COLOR_NAME = AccentColor;
				CODE_SIGN_STYLE = Automatic;
				CURRENT_PROJECT_VERSION = 1;
				DEVELOPMENT_ASSET_PATHS = "\"BlockNotes/Preview Content\"";
				DEVELOPMENT_TEAM = D2B3JPR4TJ;
				ENABLE_PREVIEWS = YES;
				GENERATE_INFOPLIST_FILE = YES;
				"INFOPLIST_FILE[sdk=*]" = BlockNotes/Info.plist;
				INFOPLIST_KEY_UIApplicationSceneManifest_Generation = YES;
				INFOPLIST_KEY_UIApplicationSupportsIndirectInputEvents = YES;
				INFOPLIST_KEY_UILaunchScreen_Generation = YES;
				INFOPLIST_KEY_UISupportedInterfaceOrientations_iPad = "UIInterfaceOrientationPortrait UIInterfaceOrientationPortraitUpsideDown UIInterfaceOrientationLandscapeLeft UIInterfaceOrientationLandscapeRight";
				INFOPLIST_KEY_UISupportedInterfaceOrientations_iPhone = "UIInterfaceOrientationPortrait UIInterfaceOrientationLandscapeLeft UIInterfaceOrientationLandscapeRight";
				LD_RUNPATH_SEARCH_PATHS = (
					"$(inherited)",
					"@executable_path/Frameworks",
				);
				MARKETING_VERSION = 1.0;
				OTHER_LDFLAGS = "-ObjC";
				PRODUCT_BUNDLE_IDENTIFIER = kei.BlockNotes;
				PRODUCT_NAME = "$(TARGET_NAME)";
				REGISTER_APP_GROUPS = NO;
				SUPPORTED_PLATFORMS = "iphoneos iphonesimulator macosx";
				SUPPORTS_MACCATALYST = NO;
				SUPPORTS_MAC_DESIGNED_FOR_IPHONE_IPAD = NO;
				SWIFT_EMIT_LOC_STRINGS = YES;
				SWIFT_VERSION = 5.0;
				TARGETED_DEVICE_FAMILY = 1;
			};
			name = Release;
		};
/* End XCBuildConfiguration section */

/* Begin XCConfigurationList section */
		67E4F4AA2C4299C30012530F /* Build configuration list for PBXProject "BlockNotes" */ = {
			isa = XCConfigurationList;
			buildConfigurations = (
				67E4F4D32C4299C40012530F /* Debug */,
				67E4F4D42C4299C40012530F /* Release */,
			);
			defaultConfigurationIsVisible = 0;
			defaultConfigurationName = Release;
		};
		67E4F4D52C4299C40012530F /* Build configuration list for PBXNativeTarget "BlockNotes" */ = {
			isa = XCConfigurationList;
			buildConfigurations = (
				67E4F4D62C4299C40012530F /* Debug */,
				67E4F4D72C4299C40012530F /* Release */,
			);
			defaultConfigurationIsVisible = 0;
			defaultConfigurationName = Release;
		};
/* End XCConfigurationList section */

/* Begin XCRemoteSwiftPackageReference section */
		677892CC2C62C2D80030D35C /* XCRemoteSwiftPackageReference "swift-package-manager-google-mobile-ads" */ = {
			isa = XCRemoteSwiftPackageReference;
			repositoryURL = "https://github.com/googleads/swift-package-manager-google-mobile-ads.git";
			requirement = {
				kind = upToNextMajorVersion;
				minimumVersion = 11.7.0;
			};
		};
/* End XCRemoteSwiftPackageReference section */

/* Begin XCSwiftPackageProductDependency section */
		670DB0E12C42F65400E9792B /* RootFeature */ = {
			isa = XCSwiftPackageProductDependency;
			productName = RootFeature;
		};
		677892CD2C62C2D80030D35C /* GoogleMobileAds */ = {
			isa = XCSwiftPackageProductDependency;
			package = 677892CC2C62C2D80030D35C /* XCRemoteSwiftPackageReference "swift-package-manager-google-mobile-ads" */;
			productName = GoogleMobileAds;
		};
/* End XCSwiftPackageProductDependency section */
	};
	rootObject = 67E4F4A72C4299C30012530F /* Project object */;
}
